
Microsoft Visual Studio Solution File, Format Version 12.00
# Visual Studio Version 17
VisualStudioVersion = 17.5.002.0
MinimumVisualStudioVersion = 10.0.40219.1
Project("{9A19103F-16F7-4668-BE54-9A1E7A4F7556}") = "lab3.0", "lab3.0.csproj", "{AFDEDCDA-F1E7-4142-A23E-DD523D8A7267}"
EndProject
Global
	GlobalSection(SolutionConfigurationPlatforms) = preSolution
		Debug|Any CPU = Debug|Any CPU
		Release|Any CPU = Release|Any CPU
	EndGlobalSection
	GlobalSection(ProjectConfigurationPlatforms) = postSolution
		{AFDEDCDA-F1E7-4142-A23E-DD523D8A7267}.Debug|Any CPU.ActiveCfg = Debug|Any CPU
		{AFDEDCDA-F1E7-4142-A23E-DD523D8A7267}.Debug|Any CPU.Build.0 = Debug|Any CPU
		{AFDEDCDA-F1E7-4142-A23E-DD523D8A7267}.Release|Any CPU.ActiveCfg = Release|Any CPU
		{AFDEDCDA-F1E7-4142-A23E-DD523D8A7267}.Release|Any CPU.Build.0 = Release|Any CPU
	EndGlobalSection
	GlobalSection(SolutionProperties) = preSolution
		HideSolutionNode = FALSE
	EndGlobalSection
	GlobalSection(ExtensibilityGlobals) = postSolution
		SolutionGuid = {6296F474-7060-4CB6-90F7-7E301EAD2F3D}
	EndGlobalSection
EndGlobal
